// !$*UTF8*$!
{
	archiveVersion = 1;
	classes = {
	};
	objectVersion = 51;
	objects = {

/* Begin PBXBuildFile section */
		3409421124FCC78A0075E503 /* OfferResults.swift in Sources */ = {isa = PBXBuildFile; fileRef = 3409421024FCC78A0075E503 /* OfferResults.swift */; };
		3445A28424FC9CA400813062 /* AppDelegate.swift in Sources */ = {isa = PBXBuildFile; fileRef = 3445A28324FC9CA400813062 /* AppDelegate.swift */; };
		3445A28624FC9CA400813062 /* ViewController.swift in Sources */ = {isa = PBXBuildFile; fileRef = 3445A28524FC9CA400813062 /* ViewController.swift */; };
		3445A28824FC9CA500813062 /* Assets.xcassets in Resources */ = {isa = PBXBuildFile; fileRef = 3445A28724FC9CA500813062 /* Assets.xcassets */; };
		3445A28B24FC9CA500813062 /* Main.storyboard in Resources */ = {isa = PBXBuildFile; fileRef = 3445A28924FC9CA500813062 /* Main.storyboard */; };
		8EEC6338A23D09722AC0A44E /* Pods_scriptManagerBestBuy.framework in Frameworks */ = {isa = PBXBuildFile; fileRef = AB7818391094618A91C9B907 /* Pods_scriptManagerBestBuy.framework */; };
/* End PBXBuildFile section */

/* Begin PBXFileReference section */
		3409421024FCC78A0075E503 /* OfferResults.swift */ = {isa = PBXFileReference; fileEncoding = 4; lastKnownFileType = sourcecode.swift; name = OfferResults.swift; path = ../../../../Desktop/electroBestBuy/electroBestBuy/OfferResults.swift; sourceTree = "<group>"; };
		3445A28024FC9CA400813062 /* scriptManagerBestBuy.app */ = {isa = PBXFileReference; explicitFileType = wrapper.application; includeInIndex = 0; path = scriptManagerBestBuy.app; sourceTree = BUILT_PRODUCTS_DIR; };
		3445A28324FC9CA400813062 /* AppDelegate.swift */ = {isa = PBXFileReference; lastKnownFileType = sourcecode.swift; path = AppDelegate.swift; sourceTree = "<group>"; };
		3445A28524FC9CA400813062 /* ViewController.swift */ = {isa = PBXFileReference; lastKnownFileType = sourcecode.swift; path = ViewController.swift; sourceTree = "<group>"; };
		3445A28724FC9CA500813062 /* Assets.xcassets */ = {isa = PBXFileReference; lastKnownFileType = folder.assetcatalog; path = Assets.xcassets; sourceTree = "<group>"; };
		3445A28A24FC9CA500813062 /* Base */ = {isa = PBXFileReference; lastKnownFileType = file.storyboard; name = Base; path = Base.lproj/Main.storyboard; sourceTree = "<group>"; };
		3445A28C24FC9CA500813062 /* Info.plist */ = {isa = PBXFileReference; lastKnownFileType = text.plist.xml; path = Info.plist; sourceTree = "<group>"; };
		3445A28D24FC9CA500813062 /* scriptManagerBestBuy.entitlements */ = {isa = PBXFileReference; lastKnownFileType = text.plist.entitlements; path = scriptManagerBestBuy.entitlements; sourceTree = "<group>"; };
		9E4347387681858206447DA0 /* Pods-scriptManagerBestBuy.release.xcconfig */ = {isa = PBXFileReference; includeInIndex = 1; lastKnownFileType = text.xcconfig; name = "Pods-scriptManagerBestBuy.release.xcconfig"; path = "Target Support Files/Pods-scriptManagerBestBuy/Pods-scriptManagerBestBuy.release.xcconfig"; sourceTree = "<group>"; };
		AB7818391094618A91C9B907 /* Pods_scriptManagerBestBuy.framework */ = {isa = PBXFileReference; explicitFileType = wrapper.framework; includeInIndex = 0; path = Pods_scriptManagerBestBuy.framework; sourceTree = BUILT_PRODUCTS_DIR; };
		D6E99B293176579ABDF5571A /* Pods-scriptManagerBestBuy.debug.xcconfig */ = {isa = PBXFileReference; includeInIndex = 1; lastKnownFileType = text.xcconfig; name = "Pods-scriptManagerBestBuy.debug.xcconfig"; path = "Target Support Files/Pods-scriptManagerBestBuy/Pods-scriptManagerBestBuy.debug.xcconfig"; sourceTree = "<group>"; };
/* End PBXFileReference section */

/* Begin PBXFrameworksBuildPhase section */
		3445A27D24FC9CA400813062 /* Frameworks */ = {
			isa = PBXFrameworksBuildPhase;
			buildActionMask = 2147483647;
			files = (
				8EEC6338A23D09722AC0A44E /* Pods_scriptManagerBestBuy.framework in Frameworks */,
			);
			runOnlyForDeploymentPostprocessing = 0;
		};
/* End PBXFrameworksBuildPhase section */

/* Begin PBXGroup section */
		3445A27724FC9CA400813062 = {
			isa = PBXGroup;
			children = (
				3445A28224FC9CA400813062 /* scriptManagerBestBuy */,
				3445A28124FC9CA400813062 /* Products */,
				9FBB17BD4366490DAA594BB4 /* Pods */,
				E6C54124439F32B6A9468BB7 /* Frameworks */,
			);
			sourceTree = "<group>";
		};
		3445A28124FC9CA400813062 /* Products */ = {
			isa = PBXGroup;
			children = (
				3445A28024FC9CA400813062 /* scriptManagerBestBuy.app */,
			);
			name = Products;
			sourceTree = "<group>";
		};
		3445A28224FC9CA400813062 /* scriptManagerBestBuy */ = {
			isa = PBXGroup;
			children = (
				3445A28324FC9CA400813062 /* AppDelegate.swift */,
				3409421024FCC78A0075E503 /* OfferResults.swift */,
				3445A28524FC9CA400813062 /* ViewController.swift */,
				3445A28724FC9CA500813062 /* Assets.xcassets */,
				3445A28924FC9CA500813062 /* Main.storyboard */,
				3445A28C24FC9CA500813062 /* Info.plist */,
				3445A28D24FC9CA500813062 /* scriptManagerBestBuy.entitlements */,
			);
			path = scriptManagerBestBuy;
			sourceTree = "<group>";
		};
		9FBB17BD4366490DAA594BB4 /* Pods */ = {
			isa = PBXGroup;
			children = (
				D6E99B293176579ABDF5571A /* Pods-scriptManagerBestBuy.debug.xcconfig */,
				9E4347387681858206447DA0 /* Pods-scriptManagerBestBuy.release.xcconfig */,
			);
			path = Pods;
			sourceTree = "<group>";
		};
		E6C54124439F32B6A9468BB7 /* Frameworks */ = {
			isa = PBXGroup;
			children = (
				AB7818391094618A91C9B907 /* Pods_scriptManagerBestBuy.framework */,
			);
			name = Frameworks;
			sourceTree = "<group>";
		};
/* End PBXGroup section */

/* Begin PBXNativeTarget section */
		3445A27F24FC9CA400813062 /* scriptManagerBestBuy */ = {
			isa = PBXNativeTarget;
			buildConfigurationList = 3445A29024FC9CA500813062 /* Build configuration list for PBXNativeTarget "scriptManagerBestBuy" */;
			buildPhases = (
				21BADE5CC3F0E35D697781E6 /* [CP] Check Pods Manifest.lock */,
				3445A27C24FC9CA400813062 /* Sources */,
				3445A27D24FC9CA400813062 /* Frameworks */,
				3445A27E24FC9CA400813062 /* Resources */,
				AD5FDBFA740CD8C758842005 /* [CP] Embed Pods Frameworks */,
			);
			buildRules = (
			);
			dependencies = (
			);
			name = scriptManagerBestBuy;
			productName = scriptManagerBestBuy;
			productReference = 3445A28024FC9CA400813062 /* scriptManagerBestBuy.app */;
			productType = "com.apple.product-type.application";
		};
/* End PBXNativeTarget section */

/* Begin PBXProject section */
		3445A27824FC9CA400813062 /* Project object */ = {
			isa = PBXProject;
			attributes = {
				LastSwiftUpdateCheck = 1130;
				LastUpgradeCheck = 1130;
				ORGANIZATIONNAME = "Arif Lakhani";
				TargetAttributes = {
					3445A27F24FC9CA400813062 = {
						CreatedOnToolsVersion = 11.3.1;
					};
				};
			};
			buildConfigurationList = 3445A27B24FC9CA400813062 /* Build configuration list for PBXProject "scriptManagerBestBuy" */;
			compatibilityVersion = "Xcode 9.3";
			developmentRegion = en;
			hasScannedForEncodings = 0;
			knownRegions = (
				en,
				Base,
			);
			mainGroup = 3445A27724FC9CA400813062;
			productRefGroup = 3445A28124FC9CA400813062 /* Products */;
			projectDirPath = "";
			projectRoot = "";
			targets = (
				3445A27F24FC9CA400813062 /* scriptManagerBestBuy */,
			);
		};
/* End PBXProject section */

/* Begin PBXResourcesBuildPhase section */
		3445A27E24FC9CA400813062 /* Resources */ = {
			isa = PBXResourcesBuildPhase;
			buildActionMask = 2147483647;
			files = (
				3445A28824FC9CA500813062 /* Assets.xcassets in Resources */,
				3445A28B24FC9CA500813062 /* Main.storyboard in Resources */,
			);
			runOnlyForDeploymentPostprocessing = 0;
		};
/* End PBXResourcesBuildPhase section */

/* Begin PBXShellScriptBuildPhase section */
		21BADE5CC3F0E35D697781E6 /* [CP] Check Pods Manifest.lock */ = {
			isa = PBXShellScriptBuildPhase;
			buildActionMask = 2147483647;
			files = (
			);
			inputFileListPaths = (
			);
			inputPaths = (
				"${PODS_PODFILE_DIR_PATH}/Podfile.lock",
				"${PODS_ROOT}/Manifest.lock",
			);
			name = "[CP] Check Pods Manifest.lock";
			outputFileListPaths = (
			);
			outputPaths = (
				"$(DERIVED_FILE_DIR)/Pods-scriptManagerBestBuy-checkManifestLockResult.txt",
			);
			runOnlyForDeploymentPostprocessing = 0;
			shellPath = /bin/sh;
			shellScript = "diff \"${PODS_PODFILE_DIR_PATH}/Podfile.lock\" \"${PODS_ROOT}/Manifest.lock\" > /dev/null\nif [ $? != 0 ] ; then\n    # print error to STDERR\n    echo \"error: The sandbox is not in sync with the Podfile.lock. Run 'pod install' or update your CocoaPods installation.\" >&2\n    exit 1\nfi\n# This output is used by Xcode 'outputs' to avoid re-running this script phase.\necho \"SUCCESS\" > \"${SCRIPT_OUTPUT_FILE_0}\"\n";
			showEnvVarsInLog = 0;
		};
		AD5FDBFA740CD8C758842005 /* [CP] Embed Pods Frameworks */ = {
			isa = PBXShellScriptBuildPhase;
			buildActionMask = 2147483647;
			files = (
			);
			inputFileListPaths = (
				"${PODS_ROOT}/Target Support Files/Pods-scriptManagerBestBuy/Pods-scriptManagerBestBuy-frameworks-${CONFIGURATION}-input-files.xcfilelist",
			);
			name = "[CP] Embed Pods Frameworks";
			outputFileListPaths = (
				"${PODS_ROOT}/Target Support Files/Pods-scriptManagerBestBuy/Pods-scriptManagerBestBuy-frameworks-${CONFIGURATION}-output-files.xcfilelist",
			);
			runOnlyForDeploymentPostprocessing = 0;
			shellPath = /bin/sh;
			shellScript = "\"${PODS_ROOT}/Target Support Files/Pods-scriptManagerBestBuy/Pods-scriptManagerBestBuy-frameworks.sh\"\n";
			showEnvVarsInLog = 0;
		};
/* End PBXShellScriptBuildPhase section */

/* Begin PBXSourcesBuildPhase section */
		3445A27C24FC9CA400813062 /* Sources */ = {
			isa = PBXSourcesBuildPhase;
			buildActionMask = 2147483647;
			files = (
				3445A28624FC9CA400813062 /* ViewController.swift in Sources */,
				3409421124FCC78A0075E503 /* OfferResults.swift in Sources */,
				3445A28424FC9CA400813062 /* AppDelegate.swift in Sources */,
			);
			runOnlyForDeploymentPostprocessing = 0;
		};
/* End PBXSourcesBuildPhase section */

/* Begin PBXVariantGroup section */
		3445A28924FC9CA500813062 /* Main.storyboard */ = {
			isa = PBXVariantGroup;
			children = (
				3445A28A24FC9CA500813062 /* Base */,
			);
			name = Main.storyboard;
			sourceTree = "<group>";
		};
/* End PBXVariantGroup section */

/* Begin XCBuildConfiguration section */
		3445A28E24FC9CA500813062 /* Debug */ = {
			isa = XCBuildConfiguration;
			buildSettings = {
				ALWAYS_SEARCH_USER_PATHS = NO;
				CLANG_ANALYZER_NONNULL = YES;
				CLANG_ANALYZER_NUMBER_OBJECT_CONVERSION = YES_AGGRESSIVE;
				CLANG_CXX_LANGUAGE_STANDARD = "gnu++14";
				CLANG_CXX_LIBRARY = "libc++";
				CLANG_ENABLE_MODULES = YES;
				CLANG_ENABLE_OBJC_ARC = YES;
				CLANG_ENABLE_OBJC_WEAK = YES;
				CLANG_WARN_BLOCK_CAPTURE_AUTORELEASING = YES;
				CLANG_WARN_BOOL_CONVERSION = YES;
				CLANG_WARN_COMMA = YES;
				CLANG_WARN_CONSTANT_CONVERSION = YES;
				CLANG_WARN_DEPRECATED_OBJC_IMPLEMENTATIONS = YES;
				CLANG_WARN_DIRECT_OBJC_ISA_USAGE = YES_ERROR;
				CLANG_WARN_DOCUMENTATION_COMMENTS = YES;
				CLANG_WARN_EMPTY_BODY = YES;
				CLANG_WARN_ENUM_CONVERSION = YES;
				CLANG_WARN_INFINITE_RECURSION = YES;
				CLANG_WARN_INT_CONVERSION = YES;
				CLANG_WARN_NON_LITERAL_NULL_CONVERSION = YES;
				CLANG_WARN_OBJC_IMPLICIT_RETAIN_SELF = YES;
				CLANG_WARN_OBJC_LITERAL_CONVERSION = YES;
				CLANG_WARN_OBJC_ROOT_CLASS = YES_ERROR;
				CLANG_WARN_RANGE_LOOP_ANALYSIS = YES;
				CLANG_WARN_STRICT_PROTOTYPES = YES;
				CLANG_WARN_SUSPICIOUS_MOVE = YES;
				CLANG_WARN_UNGUARDED_AVAILABILITY = YES_AGGRESSIVE;
				CLANG_WARN_UNREACHABLE_CODE = YES;
				CLANG_WARN__DUPLICATE_METHOD_MATCH = YES;
				COPY_PHASE_STRIP = NO;
				DEBUG_INFORMATION_FORMAT = dwarf;
				ENABLE_STRICT_OBJC_MSGSEND = YES;
				ENABLE_TESTABILITY = YES;
				GCC_C_LANGUAGE_STANDARD = gnu11;
				GCC_DYNAMIC_NO_PIC = NO;
				GCC_NO_COMMON_BLOCKS = YES;
				GCC_OPTIMIZATION_LEVEL = 0;
				GCC_PREPROCESSOR_DEFINITIONS = (
					"DEBUG=1",
					"$(inherited)",
				);
				GCC_WARN_64_TO_32_BIT_CONVERSION = YES;
				GCC_WARN_ABOUT_RETURN_TYPE = YES_ERROR;
				GCC_WARN_UNDECLARED_SELECTOR = YES;
				GCC_WARN_UNINITIALIZED_AUTOS = YES_AGGRESSIVE;
				GCC_WARN_UNUSED_FUNCTION = YES;
				GCC_WARN_UNUSED_VARIABLE = YES;
				MACOSX_DEPLOYMENT_TARGET = 10.15;
				MTL_ENABLE_DEBUG_INFO = INCLUDE_SOURCE;
				MTL_FAST_MATH = YES;
				ONLY_ACTIVE_ARCH = YES;
				SDKROOT = macosx;
				SWIFT_ACTIVE_COMPILATION_CONDITIONS = DEBUG;
				SWIFT_OPTIMIZATION_LEVEL = "-Onone";
			};
			name = Debug;
		};
		3445A28F24FC9CA500813062 /* Release */ = {
			isa = XCBuildConfiguration;
			buildSettings = {
				ALWAYS_SEARCH_USER_PATHS = NO;
				CLANG_ANALYZER_NONNULL = YES;
				CLANG_ANALYZER_NUMBER_OBJECT_CONVERSION = YES_AGGRESSIVE;
				CLANG_CXX_LANGUAGE_STANDARD = "gnu++14";
				CLANG_CXX_LIBRARY = "libc++";
				CLANG_ENABLE_MODULES = YES;
				CLANG_ENABLE_OBJC_ARC = YES;
				CLANG_ENABLE_OBJC_WEAK = YES;
				CLANG_WARN_BLOCK_CAPTURE_AUTORELEASING = YES;
				CLANG_WARN_BOOL_CONVERSION = YES;
				CLANG_WARN_COMMA = YES;
				CLANG_WARN_CONSTANT_CONVERSION = YES;
				CLANG_WARN_DEPRECATED_OBJC_IMPLEMENTATIONS = YES;
				CLANG_WARN_DIRECT_OBJC_ISA_USAGE = YES_ERROR;
				CLANG_WARN_DOCUMENTATION_COMMENTS = YES;
				CLANG_WARN_EMPTY_BODY = YES;
				CLANG_WARN_ENUM_CONVERSION = YES;
				CLANG_WARN_INFINITE_RECURSION = YES;
				CLANG_WARN_INT_CONVERSION = YES;
				CLANG_WARN_NON_LITERAL_NULL_CONVERSION = YES;
				CLANG_WARN_OBJC_IMPLICIT_RETAIN_SELF = YES;
				CLANG_WARN_OBJC_LITERAL_CONVERSION = YES;
				CLANG_WARN_OBJC_ROOT_CLASS = YES_ERROR;
				CLANG_WARN_RANGE_LOOP_ANALYSIS = YES;
				CLANG_WARN_STRICT_PROTOTYPES = YES;
				CLANG_WARN_SUSPICIOUS_MOVE = YES;
				CLANG_WARN_UNGUARDED_AVAILABILITY = YES_AGGRESSIVE;
				CLANG_WARN_UNREACHABLE_CODE = YES;
				CLANG_WARN__DUPLICATE_METHOD_MATCH = YES;
				COPY_PHASE_STRIP = NO;
				DEBUG_INFORMATION_FORMAT = "dwarf-with-dsym";
				ENABLE_NS_ASSERTIONS = NO;
				ENABLE_STRICT_OBJC_MSGSEND = YES;
				GCC_C_LANGUAGE_STANDARD = gnu11;
				GCC_NO_COMMON_BLOCKS = YES;
				GCC_WARN_64_TO_32_BIT_CONVERSION = YES;
				GCC_WARN_ABOUT_RETURN_TYPE = YES_ERROR;
				GCC_WARN_UNDECLARED_SELECTOR = YES;
				GCC_WARN_UNINITIALIZED_AUTOS = YES_AGGRESSIVE;
				GCC_WARN_UNUSED_FUNCTION = YES;
				GCC_WARN_UNUSED_VARIABLE = YES;
				MACOSX_DEPLOYMENT_TARGET = 10.15;
				MTL_ENABLE_DEBUG_INFO = NO;
				MTL_FAST_MATH = YES;
				SDKROOT = macosx;
				SWIFT_COMPILATION_MODE = wholemodule;
				SWIFT_OPTIMIZATION_LEVEL = "-O";
			};
			name = Release;
		};
		3445A29124FC9CA500813062 /* Debug */ = {
			isa = XCBuildConfiguration;
			baseConfigurationReference = D6E99B293176579ABDF5571A /* Pods-scriptManagerBestBuy.debug.xcconfig */;
			buildSettings = {
				ASSETCATALOG_COMPILER_APPICON_NAME = AppIcon;
				CODE_SIGN_ENTITLEMENTS = scriptManagerBestBuy/scriptManagerBestBuy.entitlements;
				CODE_SIGN_STYLE = Automatic;
				COMBINE_HIDPI_IMAGES = YES;
				DEVELOPMENT_TEAM = 4L995Z838U;
				ENABLE_HARDENED_RUNTIME = YES;
				INFOPLIST_FILE = scriptManagerBestBuy/Info.plist;
				LD_RUNPATH_SEARCH_PATHS = (
					"$(inherited)",
					"@executable_path/../Frameworks",
				);
				PRODUCT_BUNDLE_IDENTIFIER = arifLakhani.scriptManagerBestBuy;
				PRODUCT_NAME = "$(TARGET_NAME)";
				SWIFT_VERSION = 5.0;
			};
			name = Debug;
		};
		3445A29224FC9CA500813062 /* Release */ = {
			isa = XCBuildConfiguration;
			baseConfigurationReference = 9E4347387681858206447DA0 /* Pods-scriptManagerBestBuy.release.xcconfig */;
			buildSettings = {
				ASSETCATALOG_COMPILER_APPICON_NAME = AppIcon;
				CODE_SIGN_ENTITLEMENTS = scriptManagerBestBuy/scriptManagerBestBuy.entitlements;
				CODE_SIGN_STYLE = Automatic;
				COMBINE_HIDPI_IMAGES = YES;
				DEVELOPMENT_TEAM = 4L995Z838U;
				ENABLE_HARDENED_RUNTIME = YES;
				INFOPLIST_FILE = scriptManagerBestBuy/Info.plist;
				LD_RUNPATH_SEARCH_PATHS = (
					"$(inherited)",
					"@executable_path/../Frameworks",
				);
				PRODUCT_BUNDLE_IDENTIFIER = arifLakhani.scriptManagerBestBuy;
				PRODUCT_NAME = "$(TARGET_NAME)";
				SWIFT_VERSION = 5.0;
			};
			name = Release;
		};
/* End XCBuildConfiguration section */

/* Begin XCConfigurationList section */
		3445A27B24FC9CA400813062 /* Build configuration list for PBXProject "scriptManagerBestBuy" */ = {
			isa = XCConfigurationList;
			buildConfigurations = (
				3445A28E24FC9CA500813062 /* Debug */,
				3445A28F24FC9CA500813062 /* Release */,
			);
			defaultConfigurationIsVisible = 0;
			defaultConfigurationName = Release;
		};
		3445A29024FC9CA500813062 /* Build configuration list for PBXNativeTarget "scriptManagerBestBuy" */ = {
			isa = XCConfigurationList;
			buildConfigurations = (
				3445A29124FC9CA500813062 /* Debug */,
				3445A29224FC9CA500813062 /* Release */,
			);
			defaultConfigurationIsVisible = 0;
			defaultConfigurationName = Release;
		};
/* End XCConfigurationList section */
	};
	rootObject = 3445A27824FC9CA400813062 /* Project object */;
}
